{
  "name": "react-native-transformable-image",
  "version": "0.0.18",
  "lockfileVersion": 1,
  "requires": true,
  "dependencies": {
    "react-native-gesture-responder": {
      "version": "0.1.1",
      "resolved": "https://registry.npmjs.org/react-native-gesture-responder/-/react-native-gesture-responder-0.1.1.tgz",
      "integrity": "sha1-gCVS2OtxU8DYGjlumPS4C0BLZ5g=",
      "requires": {
        "react-timer-mixin": "0.13.3"
      }
    },
    "react-native-scroller": {
      "version": "0.0.6",
      "resolved": "https://registry.npmjs.org/react-native-scroller/-/react-native-scroller-0.0.6.tgz",
      "integrity": "sha1-3qjIm9HKLSRF+7azqQlg32wXZ/8="
    },
    "react-native-view-transformer": {
      "version": "github:tommynordli/react-native-view-transformer#57ef8208fd0effcd3eb0df21bea7b5996091b284",
      "requires": {
        "react-native-gesture-responder": "0.1.1",
        "react-native-scroller": "0.0.6"
      }
    },
    "react-timer-mixin": {
      "version": "0.13.3",
      "resolved": "https://registry.npmjs.org/react-timer-mixin/-/react-timer-mixin-0.13.3.tgz",
      "integrity": "sha1-Dai5+AfsB9w+hU0ILHN8ZWBbPSI="
    }
  }
}
